// !$*UTF8*$!
{
	archiveVersion = 1;
	classes = {
	};
	objectVersion = 56;
	objects = {

/* Begin PBXBuildFile section */
		8E887CD52BD3718D00E95008 /* MyRandomImageView.swift in Sources */ = {isa = PBXBuildFile; fileRef = 8E887CD42BD3718D00E95008 /* MyRandomImageView.swift */; };
		8E9A3FBC2BCD0221005E4F45 /* Sesac_PracticeSwiftUIApp.swift in Sources */ = {isa = PBXBuildFile; fileRef = 8E9A3FBB2BCD0221005E4F45 /* Sesac_PracticeSwiftUIApp.swift */; };
		8E9A3FBE2BCD0221005E4F45 /* ContentView.swift in Sources */ = {isa = PBXBuildFile; fileRef = 8E9A3FBD2BCD0221005E4F45 /* ContentView.swift */; };
		8E9A3FC02BCD0223005E4F45 /* Assets.xcassets in Resources */ = {isa = PBXBuildFile; fileRef = 8E9A3FBF2BCD0223005E4F45 /* Assets.xcassets */; };
		8E9A3FC32BCD0223005E4F45 /* Preview Assets.xcassets in Resources */ = {isa = PBXBuildFile; fileRef = 8E9A3FC22BCD0223005E4F45 /* Preview Assets.xcassets */; };
		8E9A40062BCFA0CB005E4F45 /* BaseVStackModifier.swift in Sources */ = {isa = PBXBuildFile; fileRef = 8E9A40052BCFA0CB005E4F45 /* BaseVStackModifier.swift */; };
		8E9A400A2BCFA23F005E4F45 /* OXView.swift in Sources */ = {isa = PBXBuildFile; fileRef = 8E9A40092BCFA23F005E4F45 /* OXView.swift */; };
		8E9A400E2BCFA66E005E4F45 /* PointButtonModifier.swift in Sources */ = {isa = PBXBuildFile; fileRef = 8E9A400D2BCFA66E005E4F45 /* PointButtonModifier.swift */; };
		8ED8B7452BD57274009B4387 /* DetailImageView.swift in Sources */ = {isa = PBXBuildFile; fileRef = 8ED8B7442BD57274009B4387 /* DetailImageView.swift */; };
		8ED8B7482BD57F12009B4387 /* CategoryView.swift in Sources */ = {isa = PBXBuildFile; fileRef = 8ED8B7472BD57F12009B4387 /* CategoryView.swift */; };
/* End PBXBuildFile section */

/* Begin PBXFileReference section */
		8E887CD42BD3718D00E95008 /* MyRandomImageView.swift */ = {isa = PBXFileReference; lastKnownFileType = sourcecode.swift; path = MyRandomImageView.swift; sourceTree = "<group>"; };
		8E9A3FB82BCD0221005E4F45 /* Sesac_PracticeSwiftUI.app */ = {isa = PBXFileReference; explicitFileType = wrapper.application; includeInIndex = 0; path = Sesac_PracticeSwiftUI.app; sourceTree = BUILT_PRODUCTS_DIR; };
		8E9A3FBB2BCD0221005E4F45 /* Sesac_PracticeSwiftUIApp.swift */ = {isa = PBXFileReference; lastKnownFileType = sourcecode.swift; path = Sesac_PracticeSwiftUIApp.swift; sourceTree = "<group>"; };
		8E9A3FBD2BCD0221005E4F45 /* ContentView.swift */ = {isa = PBXFileReference; lastKnownFileType = sourcecode.swift; path = ContentView.swift; sourceTree = "<group>"; };
		8E9A3FBF2BCD0223005E4F45 /* Assets.xcassets */ = {isa = PBXFileReference; lastKnownFileType = folder.assetcatalog; path = Assets.xcassets; sourceTree = "<group>"; };
		8E9A3FC22BCD0223005E4F45 /* Preview Assets.xcassets */ = {isa = PBXFileReference; lastKnownFileType = folder.assetcatalog; path = "Preview Assets.xcassets"; sourceTree = "<group>"; };
		8E9A40052BCFA0CB005E4F45 /* BaseVStackModifier.swift */ = {isa = PBXFileReference; lastKnownFileType = sourcecode.swift; path = BaseVStackModifier.swift; sourceTree = "<group>"; };
		8E9A40092BCFA23F005E4F45 /* OXView.swift */ = {isa = PBXFileReference; lastKnownFileType = sourcecode.swift; path = OXView.swift; sourceTree = "<group>"; };
		8E9A400D2BCFA66E005E4F45 /* PointButtonModifier.swift */ = {isa = PBXFileReference; lastKnownFileType = sourcecode.swift; path = PointButtonModifier.swift; sourceTree = "<group>"; };
		8ED8B7442BD57274009B4387 /* DetailImageView.swift */ = {isa = PBXFileReference; lastKnownFileType = sourcecode.swift; path = DetailImageView.swift; sourceTree = "<group>"; };
		8ED8B7472BD57F12009B4387 /* CategoryView.swift */ = {isa = PBXFileReference; lastKnownFileType = sourcecode.swift; path = CategoryView.swift; sourceTree = "<group>"; };
/* End PBXFileReference section */

/* Begin PBXFrameworksBuildPhase section */
		8E9A3FB52BCD0221005E4F45 /* Frameworks */ = {
			isa = PBXFrameworksBuildPhase;
			buildActionMask = 2147483647;
			files = (
			);
			runOnlyForDeploymentPostprocessing = 0;
		};
/* End PBXFrameworksBuildPhase section */

/* Begin PBXGroup section */
		8E887CCE2BD370CB00E95008 /* RandomImage */ = {
			isa = PBXGroup;
			children = (
				8E887CD42BD3718D00E95008 /* MyRandomImageView.swift */,
				8ED8B7442BD57274009B4387 /* DetailImageView.swift */,
			);
			path = RandomImage;
			sourceTree = "<group>";
		};
		8E887CCF2BD370D800E95008 /* other */ = {
			isa = PBXGroup;
			children = (
				8E9A3FBD2BCD0221005E4F45 /* ContentView.swift */,
				8E9A40092BCFA23F005E4F45 /* OXView.swift */,
			);
			path = other;
			sourceTree = "<group>";
		};
		8E9A3FAF2BCD0221005E4F45 = {
			isa = PBXGroup;
			children = (
				8E9A3FBA2BCD0221005E4F45 /* Sesac_PracticeSwiftUI */,
				8E9A40052BCFA0CB005E4F45 /* BaseVStackModifier.swift */,
				8E9A400D2BCFA66E005E4F45 /* PointButtonModifier.swift */,
				8E9A3FB92BCD0221005E4F45 /* Products */,
			);
			sourceTree = "<group>";
		};
		8E9A3FB92BCD0221005E4F45 /* Products */ = {
			isa = PBXGroup;
			children = (
				8E9A3FB82BCD0221005E4F45 /* Sesac_PracticeSwiftUI.app */,
			);
			name = Products;
			sourceTree = "<group>";
		};
		8E9A3FBA2BCD0221005E4F45 /* Sesac_PracticeSwiftUI */ = {
			isa = PBXGroup;
			children = (
				8E9A3FBB2BCD0221005E4F45 /* Sesac_PracticeSwiftUIApp.swift */,
				8E887CCF2BD370D800E95008 /* other */,
				8E887CCE2BD370CB00E95008 /* RandomImage */,
				8ED8B7462BD57EF7009B4387 /* Category */,
				8E9A3FBF2BCD0223005E4F45 /* Assets.xcassets */,
				8E9A3FC12BCD0223005E4F45 /* Preview Content */,
			);
			path = Sesac_PracticeSwiftUI;
			sourceTree = "<group>";
		};
		8E9A3FC12BCD0223005E4F45 /* Preview Content */ = {
			isa = PBXGroup;
			children = (
				8E9A3FC22BCD0223005E4F45 /* Preview Assets.xcassets */,
			);
			path = "Preview Content";
			sourceTree = "<group>";
		};
		8ED8B7462BD57EF7009B4387 /* Category */ = {
			isa = PBXGroup;
			children = (
				8ED8B7472BD57F12009B4387 /* CategoryView.swift */,
			);
			path = Category;
			sourceTree = "<group>";
		};
/* End PBXGroup section */

/* Begin PBXNativeTarget section */
		8E9A3FB72BCD0221005E4F45 /* Sesac_PracticeSwiftUI */ = {
			isa = PBXNativeTarget;
			buildConfigurationList = 8E9A3FC62BCD0223005E4F45 /* Build configuration list for PBXNativeTarget "Sesac_PracticeSwiftUI" */;
			buildPhases = (
				8E9A3FB42BCD0221005E4F45 /* Sources */,
				8E9A3FB52BCD0221005E4F45 /* Frameworks */,
				8E9A3FB62BCD0221005E4F45 /* Resources */,
			);
			buildRules = (
			);
			dependencies = (
			);
			name = Sesac_PracticeSwiftUI;
			productName = Sesac_PracticeSwiftUI;
			productReference = 8E9A3FB82BCD0221005E4F45 /* Sesac_PracticeSwiftUI.app */;
			productType = "com.apple.product-type.application";
		};
/* End PBXNativeTarget section */

/* Begin PBXProject section */
		8E9A3FB02BCD0221005E4F45 /* Project object */ = {
			isa = PBXProject;
			attributes = {
				BuildIndependentTargetsInParallel = 1;
				LastSwiftUpdateCheck = 1530;
				LastUpgradeCheck = 1530;
				TargetAttributes = {
					8E9A3FB72BCD0221005E4F45 = {
						CreatedOnToolsVersion = 15.3;
					};
				};
			};
			buildConfigurationList = 8E9A3FB32BCD0221005E4F45 /* Build configuration list for PBXProject "Sesac_PracticeSwiftUI" */;
			compatibilityVersion = "Xcode 14.0";
			developmentRegion = en;
			hasScannedForEncodings = 0;
			knownRegions = (
				en,
				Base,
			);
			mainGroup = 8E9A3FAF2BCD0221005E4F45;
			productRefGroup = 8E9A3FB92BCD0221005E4F45 /* Products */;
			projectDirPath = "";
			projectRoot = "";
			targets = (
				8E9A3FB72BCD0221005E4F45 /* Sesac_PracticeSwiftUI */,
			);
		};
/* End PBXProject section */

/* Begin PBXResourcesBuildPhase section */
		8E9A3FB62BCD0221005E4F45 /* Resources */ = {
			isa = PBXResourcesBuildPhase;
			buildActionMask = 2147483647;
			files = (
				8E9A3FC32BCD0223005E4F45 /* Preview Assets.xcassets in Resources */,
				8E9A3FC02BCD0223005E4F45 /* Assets.xcassets in Resources */,
			);
			runOnlyForDeploymentPostprocessing = 0;
		};
/* End PBXResourcesBuildPhase section */

/* Begin PBXSourcesBuildPhase section */
		8E9A3FB42BCD0221005E4F45 /* Sources */ = {
			isa = PBXSourcesBuildPhase;
			buildActionMask = 2147483647;
			files = (
				8E9A3FBE2BCD0221005E4F45 /* ContentView.swift in Sources */,
				8E9A400A2BCFA23F005E4F45 /* OXView.swift in Sources */,
				8E9A40062BCFA0CB005E4F45 /* BaseVStackModifier.swift in Sources */,
				8E9A3FBC2BCD0221005E4F45 /* Sesac_PracticeSwiftUIApp.swift in Sources */,
				8E9A400E2BCFA66E005E4F45 /* PointButtonModifier.swift in Sources */,
				8E887CD52BD3718D00E95008 /* MyRandomImageView.swift in Sources */,
				8ED8B7452BD57274009B4387 /* DetailImageView.swift in Sources */,
				8ED8B7482BD57F12009B4387 /* CategoryView.swift in Sources */,
			);
			runOnlyForDeploymentPostprocessing = 0;
		};
/* End PBXSourcesBuildPhase section */

/* Begin XCBuildConfiguration section */
		8E9A3FC42BCD0223005E4F45 /* Debug */ = {
			isa = XCBuildConfiguration;
			buildSettings = {
				ALWAYS_SEARCH_USER_PATHS = NO;
				ASSETCATALOG_COMPILER_GENERATE_SWIFT_ASSET_SYMBOL_EXTENSIONS = YES;
				CLANG_ANALYZER_NONNULL = YES;
				CLANG_ANALYZER_NUMBER_OBJECT_CONVERSION = YES_AGGRESSIVE;
				CLANG_CXX_LANGUAGE_STANDARD = "gnu++20";
				CLANG_ENABLE_MODULES = YES;
				CLANG_ENABLE_OBJC_ARC = YES;
				CLANG_ENABLE_OBJC_WEAK = YES;
				CLANG_WARN_BLOCK_CAPTURE_AUTORELEASING = YES;
				CLANG_WARN_BOOL_CONVERSION = YES;
				CLANG_WARN_COMMA = YES;
				CLANG_WARN_CONSTANT_CONVERSION = YES;
				CLANG_WARN_DEPRECATED_OBJC_IMPLEMENTATIONS = YES;
				CLANG_WARN_DIRECT_OBJC_ISA_USAGE = YES_ERROR;
				CLANG_WARN_DOCUMENTATION_COMMENTS = YES;
				CLANG_WARN_EMPTY_BODY = YES;
				CLANG_WARN_ENUM_CONVERSION = YES;
				CLANG_WARN_INFINITE_RECURSION = YES;
				CLANG_WARN_INT_CONVERSION = YES;
				CLANG_WARN_NON_LITERAL_NULL_CONVERSION = YES;
				CLANG_WARN_OBJC_IMPLICIT_RETAIN_SELF = YES;
				CLANG_WARN_OBJC_LITERAL_CONVERSION = YES;
				CLANG_WARN_OBJC_ROOT_CLASS = YES_ERROR;
				CLANG_WARN_QUOTED_INCLUDE_IN_FRAMEWORK_HEADER = YES;
				CLANG_WARN_RANGE_LOOP_ANALYSIS = YES;
				CLANG_WARN_STRICT_PROTOTYPES = YES;
				CLANG_WARN_SUSPICIOUS_MOVE = YES;
				CLANG_WARN_UNGUARDED_AVAILABILITY = YES_AGGRESSIVE;
				CLANG_WARN_UNREACHABLE_CODE = YES;
				CLANG_WARN__DUPLICATE_METHOD_MATCH = YES;
				COPY_PHASE_STRIP = NO;
				DEBUG_INFORMATION_FORMAT = dwarf;
				ENABLE_STRICT_OBJC_MSGSEND = YES;
				ENABLE_TESTABILITY = YES;
				ENABLE_USER_SCRIPT_SANDBOXING = YES;
				GCC_C_LANGUAGE_STANDARD = gnu17;
				GCC_DYNAMIC_NO_PIC = NO;
				GCC_NO_COMMON_BLOCKS = YES;
				GCC_OPTIMIZATION_LEVEL = 0;
				GCC_PREPROCESSOR_DEFINITIONS = (
					"DEBUG=1",
					"$(inherited)",
				);
				GCC_WARN_64_TO_32_BIT_CONVERSION = YES;
				GCC_WARN_ABOUT_RETURN_TYPE = YES_ERROR;
				GCC_WARN_UNDECLARED_SELECTOR = YES;
				GCC_WARN_UNINITIALIZED_AUTOS = YES_AGGRESSIVE;
				GCC_WARN_UNUSED_FUNCTION = YES;
				GCC_WARN_UNUSED_VARIABLE = YES;
				IPHONEOS_DEPLOYMENT_TARGET = 17.4;
				LOCALIZATION_PREFERS_STRING_CATALOGS = YES;
				MTL_ENABLE_DEBUG_INFO = INCLUDE_SOURCE;
				MTL_FAST_MATH = YES;
				ONLY_ACTIVE_ARCH = YES;
				SDKROOT = iphoneos;
				SWIFT_ACTIVE_COMPILATION_CONDITIONS = "DEBUG $(inherited)";
				SWIFT_OPTIMIZATION_LEVEL = "-Onone";
			};
			name = Debug;
		};
		8E9A3FC52BCD0223005E4F45 /* Release */ = {
			isa = XCBuildConfiguration;
			buildSettings = {
				ALWAYS_SEARCH_USER_PATHS = NO;
				ASSETCATALOG_COMPILER_GENERATE_SWIFT_ASSET_SYMBOL_EXTENSIONS = YES;
				CLANG_ANALYZER_NONNULL = YES;
				CLANG_ANALYZER_NUMBER_OBJECT_CONVERSION = YES_AGGRESSIVE;
				CLANG_CXX_LANGUAGE_STANDARD = "gnu++20";
				CLANG_ENABLE_MODULES = YES;
				CLANG_ENABLE_OBJC_ARC = YES;
				CLANG_ENABLE_OBJC_WEAK = YES;
				CLANG_WARN_BLOCK_CAPTURE_AUTORELEASING = YES;
				CLANG_WARN_BOOL_CONVERSION = YES;
				CLANG_WARN_COMMA = YES;
				CLANG_WARN_CONSTANT_CONVERSION = YES;
				CLANG_WARN_DEPRECATED_OBJC_IMPLEMENTATIONS = YES;
				CLANG_WARN_DIRECT_OBJC_ISA_USAGE = YES_ERROR;
				CLANG_WARN_DOCUMENTATION_COMMENTS = YES;
				CLANG_WARN_EMPTY_BODY = YES;
				CLANG_WARN_ENUM_CONVERSION = YES;
				CLANG_WARN_INFINITE_RECURSION = YES;
				CLANG_WARN_INT_CONVERSION = YES;
				CLANG_WARN_NON_LITERAL_NULL_CONVERSION = YES;
				CLANG_WARN_OBJC_IMPLICIT_RETAIN_SELF = YES;
				CLANG_WARN_OBJC_LITERAL_CONVERSION = YES;
				CLANG_WARN_OBJC_ROOT_CLASS = YES_ERROR;
				CLANG_WARN_QUOTED_INCLUDE_IN_FRAMEWORK_HEADER = YES;
				CLANG_WARN_RANGE_LOOP_ANALYSIS = YES;
				CLANG_WARN_STRICT_PROTOTYPES = YES;
				CLANG_WARN_SUSPICIOUS_MOVE = YES;
				CLANG_WARN_UNGUARDED_AVAILABILITY = YES_AGGRESSIVE;
				CLANG_WARN_UNREACHABLE_CODE = YES;
				CLANG_WARN__DUPLICATE_METHOD_MATCH = YES;
				COPY_PHASE_STRIP = NO;
				DEBUG_INFORMATION_FORMAT = "dwarf-with-dsym";
				ENABLE_NS_ASSERTIONS = NO;
				ENABLE_STRICT_OBJC_MSGSEND = YES;
				ENABLE_USER_SCRIPT_SANDBOXING = YES;
				GCC_C_LANGUAGE_STANDARD = gnu17;
				GCC_NO_COMMON_BLOCKS = YES;
				GCC_WARN_64_TO_32_BIT_CONVERSION = YES;
				GCC_WARN_ABOUT_RETURN_TYPE = YES_ERROR;
				GCC_WARN_UNDECLARED_SELECTOR = YES;
				GCC_WARN_UNINITIALIZED_AUTOS = YES_AGGRESSIVE;
				GCC_WARN_UNUSED_FUNCTION = YES;
				GCC_WARN_UNUSED_VARIABLE = YES;
				IPHONEOS_DEPLOYMENT_TARGET = 17.4;
				LOCALIZATION_PREFERS_STRING_CATALOGS = YES;
				MTL_ENABLE_DEBUG_INFO = NO;
				MTL_FAST_MATH = YES;
				SDKROOT = iphoneos;
				SWIFT_COMPILATION_MODE = wholemodule;
				VALIDATE_PRODUCT = YES;
			};
			name = Release;
		};
		8E9A3FC72BCD0223005E4F45 /* Debug */ = {
			isa = XCBuildConfiguration;
			buildSettings = {
				ASSETCATALOG_COMPILER_APPICON_NAME = AppIcon;
				ASSETCATALOG_COMPILER_GLOBAL_ACCENT_COLOR_NAME = AccentColor;
				CODE_SIGN_STYLE = Automatic;
				CURRENT_PROJECT_VERSION = 1;
				DEVELOPMENT_ASSET_PATHS = "\"Sesac_PracticeSwiftUI/Preview Content\"";
				DEVELOPMENT_TEAM = N63SBJ4UPF;
				ENABLE_PREVIEWS = YES;
				GENERATE_INFOPLIST_FILE = YES;
				INFOPLIST_KEY_UIApplicationSceneManifest_Generation = YES;
				INFOPLIST_KEY_UIApplicationSupportsIndirectInputEvents = YES;
				INFOPLIST_KEY_UILaunchScreen_Generation = YES;
				INFOPLIST_KEY_UISupportedInterfaceOrientations_iPad = "UIInterfaceOrientationPortrait UIInterfaceOrientationPortraitUpsideDown UIInterfaceOrientationLandscapeLeft UIInterfaceOrientationLandscapeRight";
				INFOPLIST_KEY_UISupportedInterfaceOrientations_iPhone = "UIInterfaceOrientationPortrait UIInterfaceOrientationLandscapeLeft UIInterfaceOrientationLandscapeRight";
				LD_RUNPATH_SEARCH_PATHS = (
					"$(inherited)",
					"@executable_path/Frameworks",
				);
				MARKETING_VERSION = 1.0;
				PRODUCT_BUNDLE_IDENTIFIER = "com.youngjoo.Sesac-PracticeSwiftUI";
				PRODUCT_NAME = "$(TARGET_NAME)";
				SWIFT_EMIT_LOC_STRINGS = YES;
				SWIFT_VERSION = 5.0;
				TARGETED_DEVICE_FAMILY = "1,2";
			};
			name = Debug;
		};
		8E9A3FC82BCD0223005E4F45 /* Release */ = {
			isa = XCBuildConfiguration;
			buildSettings = {
				ASSETCATALOG_COMPILER_APPICON_NAME = AppIcon;
				ASSETCATALOG_COMPILER_GLOBAL_ACCENT_COLOR_NAME = AccentColor;
				CODE_SIGN_STYLE = Automatic;
				CURRENT_PROJECT_VERSION = 1;
				DEVELOPMENT_ASSET_PATHS = "\"Sesac_PracticeSwiftUI/Preview Content\"";
				DEVELOPMENT_TEAM = N63SBJ4UPF;
				ENABLE_PREVIEWS = YES;
				GENERATE_INFOPLIST_FILE = YES;
				INFOPLIST_KEY_UIApplicationSceneManifest_Generation = YES;
				INFOPLIST_KEY_UIApplicationSupportsIndirectInputEvents = YES;
				INFOPLIST_KEY_UILaunchScreen_Generation = YES;
				INFOPLIST_KEY_UISupportedInterfaceOrientations_iPad = "UIInterfaceOrientationPortrait UIInterfaceOrientationPortraitUpsideDown UIInterfaceOrientationLandscapeLeft UIInterfaceOrientationLandscapeRight";
				INFOPLIST_KEY_UISupportedInterfaceOrientations_iPhone = "UIInterfaceOrientationPortrait UIInterfaceOrientationLandscapeLeft UIInterfaceOrientationLandscapeRight";
				LD_RUNPATH_SEARCH_PATHS = (
					"$(inherited)",
					"@executable_path/Frameworks",
				);
				MARKETING_VERSION = 1.0;
				PRODUCT_BUNDLE_IDENTIFIER = "com.youngjoo.Sesac-PracticeSwiftUI";
				PRODUCT_NAME = "$(TARGET_NAME)";
				SWIFT_EMIT_LOC_STRINGS = YES;
				SWIFT_VERSION = 5.0;
				TARGETED_DEVICE_FAMILY = "1,2";
			};
			name = Release;
		};
/* End XCBuildConfiguration section */

/* Begin XCConfigurationList section */
		8E9A3FB32BCD0221005E4F45 /* Build configuration list for PBXProject "Sesac_PracticeSwiftUI" */ = {
			isa = XCConfigurationList;
			buildConfigurations = (
				8E9A3FC42BCD0223005E4F45 /* Debug */,
				8E9A3FC52BCD0223005E4F45 /* Release */,
			);
			defaultConfigurationIsVisible = 0;
			defaultConfigurationName = Release;
		};
		8E9A3FC62BCD0223005E4F45 /* Build configuration list for PBXNativeTarget "Sesac_PracticeSwiftUI" */ = {
			isa = XCConfigurationList;
			buildConfigurations = (
				8E9A3FC72BCD0223005E4F45 /* Debug */,
				8E9A3FC82BCD0223005E4F45 /* Release */,
			);
			defaultConfigurationIsVisible = 0;
			defaultConfigurationName = Release;
		};
/* End XCConfigurationList section */
	};
	rootObject = 8E9A3FB02BCD0221005E4F45 /* Project object */;
}
